Microsoft Visual Studio Solution File, Format Version 11.00
# Visual Studio 2008

Project("{652F268A-9961-E2D8-69EE-6EBD0BAD41EB}") = "ShipDemo", "Assembly-CSharp.csproj", "{E9D094BF-435E-7045-5E56-809E1F1713FF}"
EndProject
Project("{652F268A-9961-E2D8-69EE-6EBD0BAD41EB}") = "ShipDemo", "Assembly-CSharp-Editor.csproj", "{6292B2FB-9D23-EE52-FBDD-269D0819BFA3}"
EndProject
Global
	GlobalSection(SolutionConfigurationPlatforms) = preSolution
		Debug|Any CPU = Debug|Any CPU
		Release|Any CPU = Release|Any CPU
	EndGlobalSection
	GlobalSection(ProjectConfigurationPlatforms) = postSolution
		{E9D094BF-435E-7045-5E56-809E1F1713FF}.Debug|Any CPU.ActiveCfg = Debug|Any CPU
		{E9D094BF-435E-7045-5E56-809E1F1713FF}.Debug|Any CPU.Build.0 = Debug|Any CPU
		{E9D094BF-435E-7045-5E56-809E1F1713FF}.Release|Any CPU.ActiveCfg = Release|Any CPU
		{E9D094BF-435E-7045-5E56-809E1F1713FF}.Release|Any CPU.Build.0 = Release|Any CPU
		{6292B2FB-9D23-EE52-FBDD-269D0819BFA3}.Debug|Any CPU.ActiveCfg = Debug|Any CPU
		{6292B2FB-9D23-EE52-FBDD-269D0819BFA3}.Debug|Any CPU.Build.0 = Debug|Any CPU
		{6292B2FB-9D23-EE52-FBDD-269D0819BFA3}.Release|Any CPU.ActiveCfg = Release|Any CPU
		{6292B2FB-9D23-EE52-FBDD-269D0819BFA3}.Release|Any CPU.Build.0 = Release|Any CPU
	EndGlobalSection
	GlobalSection(SolutionProperties) = preSolution
		HideSolutionNode = FALSE
	EndGlobalSection
	GlobalSection(MonoDevelopProperties) = preSolution
		StartupItem = Assembly-CSharp.csproj
	EndGlobalSection
EndGlobal
